
Microsoft Visual Studio Solution File, Format Version 12.00
# Visual Studio 2012
Project("{FAE04EC0-301F-11D3-BF4B-00C04F79EFBC}") = "DucksFootie.Tests", "DucksFootie.Tests\DucksFootie.Tests.csproj", "{CBE992ED-3721-40B5-8602-CA80D21CAA0E}"
EndProject
Project("{FAE04EC0-301F-11D3-BF4B-00C04F79EFBC}") = "DucksFootie.DataAccess", "DucksFootie.DataAccess\DucksFootie.DataAccess.csproj", "{F1B87B3E-BFA7-4113-9240-AFACEF14AC76}"
EndProject
Project("{FAE04EC0-301F-11D3-BF4B-00C04F79EFBC}") = "DucksFootie.Entities", "DucksFootie.Entities\DucksFootie.Entities.csproj", "{F3E2FFD6-515D-49DE-B35E-9C7A91F1390D}"
EndProject
Project("{FAE04EC0-301F-11D3-BF4B-00C04F79EFBC}") = "Common", "..\Common\Common\Common.csproj", "{03B11E1F-D394-4235-A350-4A8EB6668742}"
EndProject
Project("{FAE04EC0-301F-11D3-BF4B-00C04F79EFBC}") = "Common.Tests", "..\Common\Common.Tests\Common.Tests.csproj", "{438EC653-668F-4F30-82BD-140B4CC16E39}"
EndProject
Global
	GlobalSection(SolutionConfigurationPlatforms) = preSolution
		Debug|Any CPU = Debug|Any CPU
		Release|Any CPU = Release|Any CPU
	EndGlobalSection
	GlobalSection(ProjectConfigurationPlatforms) = postSolution
		{CBE992ED-3721-40B5-8602-CA80D21CAA0E}.Debug|Any CPU.ActiveCfg = Debug|Any CPU
		{CBE992ED-3721-40B5-8602-CA80D21CAA0E}.Debug|Any CPU.Build.0 = Debug|Any CPU
		{CBE992ED-3721-40B5-8602-CA80D21CAA0E}.Release|Any CPU.ActiveCfg = Release|Any CPU
		{CBE992ED-3721-40B5-8602-CA80D21CAA0E}.Release|Any CPU.Build.0 = Release|Any CPU
		{F1B87B3E-BFA7-4113-9240-AFACEF14AC76}.Debug|Any CPU.ActiveCfg = Debug|Any CPU
		{F1B87B3E-BFA7-4113-9240-AFACEF14AC76}.Debug|Any CPU.Build.0 = Debug|Any CPU
		{F1B87B3E-BFA7-4113-9240-AFACEF14AC76}.Release|Any CPU.ActiveCfg = Release|Any CPU
		{F1B87B3E-BFA7-4113-9240-AFACEF14AC76}.Release|Any CPU.Build.0 = Release|Any CPU
		{F3E2FFD6-515D-49DE-B35E-9C7A91F1390D}.Debug|Any CPU.ActiveCfg = Debug|Any CPU
		{F3E2FFD6-515D-49DE-B35E-9C7A91F1390D}.Debug|Any CPU.Build.0 = Debug|Any CPU
		{F3E2FFD6-515D-49DE-B35E-9C7A91F1390D}.Release|Any CPU.ActiveCfg = Release|Any CPU
		{F3E2FFD6-515D-49DE-B35E-9C7A91F1390D}.Release|Any CPU.Build.0 = Release|Any CPU
		{03B11E1F-D394-4235-A350-4A8EB6668742}.Debug|Any CPU.ActiveCfg = Debug|Any CPU
		{03B11E1F-D394-4235-A350-4A8EB6668742}.Debug|Any CPU.Build.0 = Debug|Any CPU
		{03B11E1F-D394-4235-A350-4A8EB6668742}.Release|Any CPU.ActiveCfg = Release|Any CPU
		{03B11E1F-D394-4235-A350-4A8EB6668742}.Release|Any CPU.Build.0 = Release|Any CPU
		{438EC653-668F-4F30-82BD-140B4CC16E39}.Debug|Any CPU.ActiveCfg = Debug|Any CPU
		{438EC653-668F-4F30-82BD-140B4CC16E39}.Debug|Any CPU.Build.0 = Debug|Any CPU
		{438EC653-668F-4F30-82BD-140B4CC16E39}.Release|Any CPU.ActiveCfg = Release|Any CPU
		{438EC653-668F-4F30-82BD-140B4CC16E39}.Release|Any CPU.Build.0 = Release|Any CPU
	EndGlobalSection
	GlobalSection(SolutionProperties) = preSolution
		HideSolutionNode = FALSE
	EndGlobalSection
EndGlobal
